
Microsoft Visual Studio Solution File, Format Version 12.00
Project("{FAE04EC0-301F-11D3-BF4B-00C04F79EFBC}") = "JsonSerializerBanchmark", "JsonSerializerBanchmark.csproj", "{A6CD0D83-D7D6-429B-A0FF-5DA3C0C18746}"
EndProject
Global
	GlobalSection(SolutionConfigurationPlatforms) = preSolution
		Debug|Any CPU = Debug|Any CPU
		Release|Any CPU = Release|Any CPU
	EndGlobalSection
	GlobalSection(ProjectConfigurationPlatforms) = postSolution
		{A6CD0D83-D7D6-429B-A0FF-5DA3C0C18746}.Debug|Any CPU.ActiveCfg = Debug|Any CPU
		{A6CD0D83-D7D6-429B-A0FF-5DA3C0C18746}.Debug|Any CPU.Build.0 = Debug|Any CPU
		{A6CD0D83-D7D6-429B-A0FF-5DA3C0C18746}.Release|Any CPU.ActiveCfg = Release|Any CPU
		{A6CD0D83-D7D6-429B-A0FF-5DA3C0C18746}.Release|Any CPU.Build.0 = Release|Any CPU
	EndGlobalSection
EndGlobal
